github.com/codeation/lru v1.3.0 h1:BZlD5G4bt0bis9FHV5q3zyyDCAx21ue2CvvM1T8hQl4=
github.com/codeation/lru v1.3.0/go.mod h1:1C9+zUoRETpelIbMxh6wj9APf2VnKh0tk9aRsrOQUsk=
golang.org/x/net v0.29.0 h1:5ORfpBpCs4HzDYoodCDBbwHzdR5UrLBZ3sOnUJmFoHo=
golang.org/x/net v0.29.0/go.mod h1:gLkgy8jTGERgjzMic6DS9+SP0ajcu6Xu3Orq/SpETg0=
