github.com/codeation/lru v1.2.2 h1:hWMs0CF/WzNexZ9VH+9GTogmjpW3FBJUF/LZcb9Payo=
github.com/codeation/lru v1.2.2/go.mod h1:1C9+zUoRETpelIbMxh6wj9APf2VnKh0tk9aRsrOQUsk=
golang.org/x/net v0.17.0 h1:pVaXccu2ozPjCXewfr1S7xza/zcXTity9cCdXQYSjIM=
golang.org/x/net v0.17.0/go.mod h1:NxSsAGuq816PNPmqtQdLE42eU2Fs7NoRIZrHJAlaCOE=
