github.com/codeation/lru v1.2.2 h1:hWMs0CF/WzNexZ9VH+9GTogmjpW3FBJUF/LZcb9Payo=
github.com/codeation/lru v1.2.2/go.mod h1:1C9+zUoRETpelIbMxh6wj9APf2VnKh0tk9aRsrOQUsk=
golang.org/x/net v0.21.0 h1:AQyQV4dYCvJ7vGmJyKki9+PBdyvhkSd8EIx/qb0AYv4=
golang.org/x/net v0.21.0/go.mod h1:bIjVDfnllIU7BJ2DNgfnXvpSvtn8VRwhlsaeUTyUS44=
